
Microsoft Visual Studio Solution File, Format Version 12.00
# Visual Studio Version 17
VisualStudioVersion = 17.4.33403.182
MinimumVisualStudioVersion = 10.0.40219.1
Project("{FAE04EC0-301F-11D3-BF4B-00C04F79EFBC}") = "CoctailsDataBaseTesting", "CoctailsDtataBaseTesting\CoctailsDataBaseTesting.csproj", "{CC924EA2-44CF-4B26-994A-66E24397FE99}"
EndProject
Global
	GlobalSection(SolutionConfigurationPlatforms) = preSolution
		Debug|Any CPU = Debug|Any CPU
		Release|Any CPU = Release|Any CPU
	EndGlobalSection
	GlobalSection(ProjectConfigurationPlatforms) = postSolution
		{CC924EA2-44CF-4B26-994A-66E24397FE99}.Debug|Any CPU.ActiveCfg = Debug|Any CPU
		{CC924EA2-44CF-4B26-994A-66E24397FE99}.Debug|Any CPU.Build.0 = Debug|Any CPU
		{CC924EA2-44CF-4B26-994A-66E24397FE99}.Release|Any CPU.ActiveCfg = Release|Any CPU
		{CC924EA2-44CF-4B26-994A-66E24397FE99}.Release|Any CPU.Build.0 = Release|Any CPU
	EndGlobalSection
	GlobalSection(SolutionProperties) = preSolution
		HideSolutionNode = FALSE
	EndGlobalSection
	GlobalSection(ExtensibilityGlobals) = postSolution
		SolutionGuid = {1CD4B89D-9E2E-4270-907D-8FFACE94CFCB}
	EndGlobalSection
EndGlobal
